dependencies:
- name: postgresql
  repository: https://charts.bitnami.com/bitnami
  version: 15.5.2
- name: redis
  repository: https://charts.bitnami.com/bitnami
  version: 19.6.4
digest: sha256:cff61645b2785a4e98e77e257d5f48960309d12c83c27b806c28a20f80acd34d
generated: "2025-08-12T23:22:10.900968+08:00"
